
Microsoft Visual Studio Solution File, Format Version 12.00
# Visual Studio Version 17
VisualStudioVersion = 17.14.36109.1 d17.14
MinimumVisualStudioVersion = 10.0.40219.1
Project("{FAE04EC0-301F-11D3-BF4B-00C04F79EFBC}") = "Municipality_ST10263992_PROG7312", "Municipality_ST10263992_PROG7312\Municipality_ST10263992_PROG7312.csproj", "{829A3291-5677-4FF0-B9AF-339FF1BE948D}"
EndProject
Global
	GlobalSection(SolutionConfigurationPlatforms) = preSolution
		Debug|Any CPU = Debug|Any CPU
		Release|Any CPU = Release|Any CPU
	EndGlobalSection
	GlobalSection(ProjectConfigurationPlatforms) = postSolution
		{829A3291-5677-4FF0-B9AF-339FF1BE948D}.Debug|Any CPU.ActiveCfg = Debug|Any CPU
		{829A3291-5677-4FF0-B9AF-339FF1BE948D}.Debug|Any CPU.Build.0 = Debug|Any CPU
		{829A3291-5677-4FF0-B9AF-339FF1BE948D}.Release|Any CPU.ActiveCfg = Release|Any CPU
		{829A3291-5677-4FF0-B9AF-339FF1BE948D}.Release|Any CPU.Build.0 = Release|Any CPU
	EndGlobalSection
	GlobalSection(SolutionProperties) = preSolution
		HideSolutionNode = FALSE
	EndGlobalSection
	GlobalSection(ExtensibilityGlobals) = postSolution
		SolutionGuid = {031A72A9-FD98-44B0-B8C7-085FAC9F6DBF}
	EndGlobalSection
EndGlobal
